
Microsoft Visual Studio Solution File, Format Version 12.00
# Visual Studio Version 17
VisualStudioVersion = 17.6.33829.357
MinimumVisualStudioVersion = 10.0.40219.1
Project("{FAE04EC0-301F-11D3-BF4B-00C04F79EFBC}") = "Compare-Word-documents", "Compare-Word-documents\Compare-Word-documents.csproj", "{8327D2F4-069C-44BC-9DCC-A814A0463995}"
EndProject
Global
	GlobalSection(SolutionConfigurationPlatforms) = preSolution
		Debug|Any CPU = Debug|Any CPU
		Release|Any CPU = Release|Any CPU
	EndGlobalSection
	GlobalSection(ProjectConfigurationPlatforms) = postSolution
		{8327D2F4-069C-44BC-9DCC-A814A0463995}.Debug|Any CPU.ActiveCfg = Debug|Any CPU
		{8327D2F4-069C-44BC-9DCC-A814A0463995}.Debug|Any CPU.Build.0 = Debug|Any CPU
		{8327D2F4-069C-44BC-9DCC-A814A0463995}.Release|Any CPU.ActiveCfg = Release|Any CPU
		{8327D2F4-069C-44BC-9DCC-A814A0463995}.Release|Any CPU.Build.0 = Release|Any CPU
	EndGlobalSection
	GlobalSection(SolutionProperties) = preSolution
		HideSolutionNode = FALSE
	EndGlobalSection
	GlobalSection(ExtensibilityGlobals) = postSolution
		SolutionGuid = {847045E4-897D-4B22-92C5-1EDFD613F334}
	EndGlobalSection
EndGlobal
