
Microsoft Visual Studio Solution File, Format Version 12.00
# Visual Studio Version 17
VisualStudioVersion = 17.6.33829.357
MinimumVisualStudioVersion = 10.0.40219.1
Project("{FAE04EC0-301F-11D3-BF4B-00C04F79EFBC}") = "Ignore-format-changes", "Ignore-format-changes\Ignore-format-changes.csproj", "{9B05057B-408A-4606-812B-F2A2D2122310}"
EndProject
Global
	GlobalSection(SolutionConfigurationPlatforms) = preSolution
		Debug|Any CPU = Debug|Any CPU
		Release|Any CPU = Release|Any CPU
	EndGlobalSection
	GlobalSection(ProjectConfigurationPlatforms) = postSolution
		{9B05057B-408A-4606-812B-F2A2D2122310}.Debug|Any CPU.ActiveCfg = Debug|Any CPU
		{9B05057B-408A-4606-812B-F2A2D2122310}.Debug|Any CPU.Build.0 = Debug|Any CPU
		{9B05057B-408A-4606-812B-F2A2D2122310}.Release|Any CPU.ActiveCfg = Release|Any CPU
		{9B05057B-408A-4606-812B-F2A2D2122310}.Release|Any CPU.Build.0 = Release|Any CPU
	EndGlobalSection
	GlobalSection(SolutionProperties) = preSolution
		HideSolutionNode = FALSE
	EndGlobalSection
	GlobalSection(ExtensibilityGlobals) = postSolution
		SolutionGuid = {3BE8D8F1-D9BF-447F-AC5B-207E277FFFC9}
	EndGlobalSection
EndGlobal
